{
    "version": 3,
    "terraform_version": "0.11.6",
    "serial": 7,
    "lineage": "02f74039-7e6d-a1c7-605e-f2bacb693133",
    "modules": [
        {
            "path": [
                "root"
            ],
            "outputs": {
                "controlplane_sg_id": {
                    "sensitive": false,
                    "type": "list",
                    "value": [
                        "sg-0f2e4156beb84017e"
                    ]
                },
                "eks_subnet1": {
                    "sensitive": false,
                    "type": "list",
                    "value": [
                        "subnet-04752fd93353989b7"
                    ]
                },
                "eks_subnet2": {
                    "sensitive": false,
                    "type": "list",
                    "value": [
                        "subnet-0cbdb59df36c69344"
                    ]
                },
                "eks_subnet3": {
                    "sensitive": false,
                    "type": "list",
                    "value": [
                        "subnet-0f2e458c9757b5cac"
                    ]
                },
                "vpc_id": {
                    "sensitive": false,
                    "type": "string",
                    "value": "vpc-084678e0a8380ae54"
                }
            },
            "resources": {
                "aws_internet_gateway.vpc_ig": {
                    "type": "aws_internet_gateway",
                    "depends_on": [
                        "aws_vpc.vpc"
                    ],
                    "primary": {
                        "id": "igw-0f138adf95372b2e3",
                        "attributes": {
                            "id": "igw-0f138adf95372b2e3",
                            "tags.%": "1",
                            "tags.Name": "eks-vpc-ig",
                            "vpc_id": "vpc-084678e0a8380ae54"
                        },
                        "meta": {},
                        "tainted": false
                    },
                    "deposed": [],
                    "provider": "provider.aws"
                },
                "aws_route.public_internet_gateway": {
                    "type": "aws_route",
                    "depends_on": [
                        "aws_internet_gateway.vpc_ig",
                        "aws_route_table.public"
                    ],
                    "primary": {
                        "id": "r-rtb-06ad9dc0c52e1b3141080289494",
                        "attributes": {
                            "destination_cidr_block": "0.0.0.0/0",
                            "destination_prefix_list_id": "",
                            "egress_only_gateway_id": "",
                            "gateway_id": "igw-0f138adf95372b2e3",
                            "id": "r-rtb-06ad9dc0c52e1b3141080289494",
                            "instance_id": "",
                            "instance_owner_id": "",
                            "nat_gateway_id": "",
                            "network_interface_id": "",
                            "origin": "CreateRoute",
                            "route_table_id": "rtb-06ad9dc0c52e1b314",
                            "state": "active",
                            "vpc_peering_connection_id": ""
                        },
                        "meta": {
                            "e2bfb730-ecaa-11e6-8f88-34363bc7c4c0": {
                                "create": 120000000000,
                                "delete": 300000000000
                            }
                        },
                        "tainted": false
                    },
                    "deposed": [],
                    "provider": "provider.aws"
                },
                "aws_route_table.public": {
                    "type": "aws_route_table",
                    "depends_on": [
                        "aws_vpc.vpc"
                    ],
                    "primary": {
                        "id": "rtb-06ad9dc0c52e1b314",
                        "attributes": {
                            "id": "rtb-06ad9dc0c52e1b314",
                            "propagating_vgws.#": "0",
                            "route.#": "0",
                            "tags.%": "1",
                            "tags.Name": "eks-vpc-rt",
                            "vpc_id": "vpc-084678e0a8380ae54"
                        },
                        "meta": {},
                        "tainted": false
                    },
                    "deposed": [],
                    "provider": "provider.aws"
                },
                "aws_security_group.eks_sg": {
                    "type": "aws_security_group",
                    "depends_on": [
                        "aws_vpc.vpc"
                    ],
                    "primary": {
                        "id": "sg-0f2e4156beb84017e",
                        "attributes": {
                            "arn": "arn:aws:ec2:us-east-1:275829625285:security-group/sg-0f2e4156beb84017e",
                            "description": "Managed by Terraform",
                            "egress.#": "0",
                            "id": "sg-0f2e4156beb84017e",
                            "ingress.#": "0",
                            "name": "eks-control-plane-sg",
                            "owner_id": "275829625285",
                            "revoke_rules_on_delete": "false",
                            "tags.%": "0",
                            "vpc_id": "vpc-084678e0a8380ae54"
                        },
                        "meta": {
                            "e2bfb730-ecaa-11e6-8f88-34363bc7c4c0": {
                                "create": 600000000000,
                                "delete": 600000000000
                            },
                            "schema_version": "1"
                        },
                        "tainted": false
                    },
                    "deposed": [],
                    "provider": "provider.aws"
                },
                "aws_subnet.subnet01": {
                    "type": "aws_subnet",
                    "depends_on": [
                        "aws_vpc.vpc",
                        "data.aws_availability_zones.available"
                    ],
                    "primary": {
                        "id": "subnet-04752fd93353989b7",
                        "attributes": {
                            "arn": "arn:aws:ec2:us-east-1:275829625285:subnet/subnet-04752fd93353989b7",
                            "assign_ipv6_address_on_creation": "false",
                            "availability_zone": "us-east-1a",
                            "cidr_block": "192.168.64.0/18",
                            "id": "subnet-04752fd93353989b7",
                            "map_public_ip_on_launch": "false",
                            "tags.%": "1",
                            "tags.Name": "eks-subnet-1",
                            "vpc_id": "vpc-084678e0a8380ae54"
                        },
                        "meta": {
                            "schema_version": "1"
                        },
                        "tainted": false
                    },
                    "deposed": [],
                    "provider": "provider.aws"
                },
                "aws_subnet.subnet02": {
                    "type": "aws_subnet",
                    "depends_on": [
                        "aws_vpc.vpc",
                        "data.aws_availability_zones.available"
                    ],
                    "primary": {
                        "id": "subnet-0cbdb59df36c69344",
                        "attributes": {
                            "arn": "arn:aws:ec2:us-east-1:275829625285:subnet/subnet-0cbdb59df36c69344",
                            "assign_ipv6_address_on_creation": "false",
                            "availability_zone": "us-east-1b",
                            "cidr_block": "192.168.128.0/18",
                            "id": "subnet-0cbdb59df36c69344",
                            "map_public_ip_on_launch": "false",
                            "tags.%": "1",
                            "tags.Name": "eks-subnet-2",
                            "vpc_id": "vpc-084678e0a8380ae54"
                        },
                        "meta": {
                            "schema_version": "1"
                        },
                        "tainted": false
                    },
                    "deposed": [],
                    "provider": "provider.aws"
                },
                "aws_subnet.subnet03": {
                    "type": "aws_subnet",
                    "depends_on": [
                        "aws_vpc.vpc",
                        "data.aws_availability_zones.available"
                    ],
                    "primary": {
                        "id": "subnet-0f2e458c9757b5cac",
                        "attributes": {
                            "arn": "arn:aws:ec2:us-east-1:275829625285:subnet/subnet-0f2e458c9757b5cac",
                            "assign_ipv6_address_on_creation": "false",
                            "availability_zone": "us-east-1c",
                            "cidr_block": "192.168.192.0/18",
                            "id": "subnet-0f2e458c9757b5cac",
                            "map_public_ip_on_launch": "false",
                            "tags.%": "1",
                            "tags.Name": "eks-subnet-3",
                            "vpc_id": "vpc-084678e0a8380ae54"
                        },
                        "meta": {
                            "schema_version": "1"
                        },
                        "tainted": false
                    },
                    "deposed": [],
                    "provider": "provider.aws"
                },
                "aws_vpc.vpc": {
                    "type": "aws_vpc",
                    "depends_on": [],
                    "primary": {
                        "id": "vpc-084678e0a8380ae54",
                        "attributes": {
                            "arn": "arn:aws:ec2:us-east-1:275829625285:vpc/vpc-084678e0a8380ae54",
                            "assign_generated_ipv6_cidr_block": "false",
                            "cidr_block": "192.168.0.0/16",
                            "default_network_acl_id": "acl-0574bbdf2e6e68f7f",
                            "default_route_table_id": "rtb-0639de804e1c2bd3b",
                            "default_security_group_id": "sg-01d4b5f55dffadca9",
                            "dhcp_options_id": "dopt-bfab68db",
                            "enable_classiclink": "false",
                            "enable_classiclink_dns_support": "false",
                            "enable_dns_hostnames": "true",
                            "enable_dns_support": "true",
                            "id": "vpc-084678e0a8380ae54",
                            "instance_tenancy": "default",
                            "main_route_table_id": "rtb-0639de804e1c2bd3b",
                            "tags.%": "1",
                            "tags.Name": "eks-vpc"
                        },
                        "meta": {
                            "schema_version": "1"
                        },
                        "tainted": false
                    },
                    "deposed": [],
                    "provider": "provider.aws"
                },
                "data.aws_availability_zones.available": {
                    "type": "aws_availability_zones",
                    "depends_on": [],
                    "primary": {
                        "id": "2018-09-05 06:00:17.011803313 +0000 UTC",
                        "attributes": {
                            "id": "2018-09-05 06:00:17.011803313 +0000 UTC",
                            "names.#": "6",
                            "names.0": "us-east-1a",
                            "names.1": "us-east-1b",
                            "names.2": "us-east-1c",
                            "names.3": "us-east-1d",
                            "names.4": "us-east-1e",
                            "names.5": "us-east-1f"
                        },
                        "meta": {},
                        "tainted": false
                    },
                    "deposed": [],
                    "provider": "provider.aws"
                }
            },
            "depends_on": []
        }
    ]
}
